// !$*UTF8*$!
{
	archiveVersion = 1;
	classes = {
	};
	objectVersion = 55;
	objects = {

/* Begin PBXBuildFile section */
		3C13964628C5D1D70035BDE4 /* DeliveryDecisionApp.swift in Sources */ = {isa = PBXBuildFile; fileRef = 3C13964528C5D1D70035BDE4 /* DeliveryDecisionApp.swift */; };
		3C13964828C5D1D70035BDE4 /* ContentView.swift in Sources */ = {isa = PBXBuildFile; fileRef = 3C13964728C5D1D70035BDE4 /* ContentView.swift */; };
		3C13964A28C5D1D80035BDE4 /* Assets.xcassets in Resources */ = {isa = PBXBuildFile; fileRef = 3C13964928C5D1D80035BDE4 /* Assets.xcassets */; };
		3C13964D28C5D1D80035BDE4 /* Preview Assets.xcassets in Resources */ = {isa = PBXBuildFile; fileRef = 3C13964C28C5D1D80035BDE4 /* Preview Assets.xcassets */; };
		3C13965728C5D1D90035BDE4 /* DeliveryDecisionTests.swift in Sources */ = {isa = PBXBuildFile; fileRef = 3C13965628C5D1D90035BDE4 /* DeliveryDecisionTests.swift */; };
		3C13966128C5D1D90035BDE4 /* DeliveryDecisionUITests.swift in Sources */ = {isa = PBXBuildFile; fileRef = 3C13966028C5D1D90035BDE4 /* DeliveryDecisionUITests.swift */; };
		3C13966328C5D1D90035BDE4 /* DeliveryDecisionUITestsLaunchTests.swift in Sources */ = {isa = PBXBuildFile; fileRef = 3C13966228C5D1D90035BDE4 /* DeliveryDecisionUITestsLaunchTests.swift */; };
		3C13967028C5D2330035BDE4 /* ColorExtension.swift in Sources */ = {isa = PBXBuildFile; fileRef = 3C13966F28C5D2330035BDE4 /* ColorExtension.swift */; };
		3C13967228C5D2540035BDE4 /* RandomDecisionView.swift in Sources */ = {isa = PBXBuildFile; fileRef = 3C13967128C5D2540035BDE4 /* RandomDecisionView.swift */; };
		3C13967428C5D2860035BDE4 /* Launch Screen.storyboard in Resources */ = {isa = PBXBuildFile; fileRef = 3C13967328C5D2860035BDE4 /* Launch Screen.storyboard */; };
/* End PBXBuildFile section */

/* Begin PBXContainerItemProxy section */
		3C13965328C5D1D90035BDE4 /* PBXContainerItemProxy */ = {
			isa = PBXContainerItemProxy;
			containerPortal = 3C13963A28C5D1D60035BDE4 /* Project object */;
			proxyType = 1;
			remoteGlobalIDString = 3C13964128C5D1D70035BDE4;
			remoteInfo = DeliveryDecision;
		};
		3C13965D28C5D1D90035BDE4 /* PBXContainerItemProxy */ = {
			isa = PBXContainerItemProxy;
			containerPortal = 3C13963A28C5D1D60035BDE4 /* Project object */;
			proxyType = 1;
			remoteGlobalIDString = 3C13964128C5D1D70035BDE4;
			remoteInfo = DeliveryDecision;
		};
/* End PBXContainerItemProxy section */

/* Begin PBXFileReference section */
		3C13964228C5D1D70035BDE4 /* 지금 뭐 먹지?.app */ = {isa = PBXFileReference; explicitFileType = wrapper.application; includeInIndex = 0; path = "지금 뭐 먹지?.app"; sourceTree = BUILT_PRODUCTS_DIR; };
		3C13964528C5D1D70035BDE4 /* DeliveryDecisionApp.swift */ = {isa = PBXFileReference; lastKnownFileType = sourcecode.swift; path = DeliveryDecisionApp.swift; sourceTree = "<group>"; };
		3C13964728C5D1D70035BDE4 /* ContentView.swift */ = {isa = PBXFileReference; lastKnownFileType = sourcecode.swift; path = ContentView.swift; sourceTree = "<group>"; };
		3C13964928C5D1D80035BDE4 /* Assets.xcassets */ = {isa = PBXFileReference; lastKnownFileType = folder.assetcatalog; path = Assets.xcassets; sourceTree = "<group>"; };
		3C13964C28C5D1D80035BDE4 /* Preview Assets.xcassets */ = {isa = PBXFileReference; lastKnownFileType = folder.assetcatalog; path = "Preview Assets.xcassets"; sourceTree = "<group>"; };
		3C13965228C5D1D90035BDE4 /* DeliveryDecisionTests.xctest */ = {isa = PBXFileReference; explicitFileType = wrapper.cfbundle; includeInIndex = 0; path = DeliveryDecisionTests.xctest; sourceTree = BUILT_PRODUCTS_DIR; };
		3C13965628C5D1D90035BDE4 /* DeliveryDecisionTests.swift */ = {isa = PBXFileReference; lastKnownFileType = sourcecode.swift; path = DeliveryDecisionTests.swift; sourceTree = "<group>"; };
		3C13965C28C5D1D90035BDE4 /* DeliveryDecisionUITests.xctest */ = {isa = PBXFileReference; explicitFileType = wrapper.cfbundle; includeInIndex = 0; path = DeliveryDecisionUITests.xctest; sourceTree = BUILT_PRODUCTS_DIR; };
		3C13966028C5D1D90035BDE4 /* DeliveryDecisionUITests.swift */ = {isa = PBXFileReference; lastKnownFileType = sourcecode.swift; path = DeliveryDecisionUITests.swift; sourceTree = "<group>"; };
		3C13966228C5D1D90035BDE4 /* DeliveryDecisionUITestsLaunchTests.swift */ = {isa = PBXFileReference; lastKnownFileType = sourcecode.swift; path = DeliveryDecisionUITestsLaunchTests.swift; sourceTree = "<group>"; };
		3C13966F28C5D2330035BDE4 /* ColorExtension.swift */ = {isa = PBXFileReference; lastKnownFileType = sourcecode.swift; path = ColorExtension.swift; sourceTree = "<group>"; };
		3C13967128C5D2540035BDE4 /* RandomDecisionView.swift */ = {isa = PBXFileReference; lastKnownFileType = sourcecode.swift; path = RandomDecisionView.swift; sourceTree = "<group>"; };
		3C13967328C5D2860035BDE4 /* Launch Screen.storyboard */ = {isa = PBXFileReference; lastKnownFileType = file.storyboard; path = "Launch Screen.storyboard"; sourceTree = "<group>"; };
/* End PBXFileReference section */

/* Begin PBXFrameworksBuildPhase section */
		3C13963F28C5D1D70035BDE4 /* Frameworks */ = {
			isa = PBXFrameworksBuildPhase;
			buildActionMask = 2147483647;
			files = (
			);
			runOnlyForDeploymentPostprocessing = 0;
		};
		3C13964F28C5D1D90035BDE4 /* Frameworks */ = {
			isa = PBXFrameworksBuildPhase;
			buildActionMask = 2147483647;
			files = (
			);
			runOnlyForDeploymentPostprocessing = 0;
		};
		3C13965928C5D1D90035BDE4 /* Frameworks */ = {
			isa = PBXFrameworksBuildPhase;
			buildActionMask = 2147483647;
			files = (
			);
			runOnlyForDeploymentPostprocessing = 0;
		};
/* End PBXFrameworksBuildPhase section */

/* Begin PBXGroup section */
		3C13963928C5D1D60035BDE4 = {
			isa = PBXGroup;
			children = (
				3C13964428C5D1D70035BDE4 /* DeliveryDecision */,
				3C13965528C5D1D90035BDE4 /* DeliveryDecisionTests */,
				3C13965F28C5D1D90035BDE4 /* DeliveryDecisionUITests */,
				3C13964328C5D1D70035BDE4 /* Products */,
			);
			sourceTree = "<group>";
		};
		3C13964328C5D1D70035BDE4 /* Products */ = {
			isa = PBXGroup;
			children = (
				3C13964228C5D1D70035BDE4 /* 지금 뭐 먹지?.app */,
				3C13965228C5D1D90035BDE4 /* DeliveryDecisionTests.xctest */,
				3C13965C28C5D1D90035BDE4 /* DeliveryDecisionUITests.xctest */,
			);
			name = Products;
			sourceTree = "<group>";
		};
		3C13964428C5D1D70035BDE4 /* DeliveryDecision */ = {
			isa = PBXGroup;
			children = (
				3C13964528C5D1D70035BDE4 /* DeliveryDecisionApp.swift */,
				3C13964728C5D1D70035BDE4 /* ContentView.swift */,
				3C13964928C5D1D80035BDE4 /* Assets.xcassets */,
				3C13964B28C5D1D80035BDE4 /* Preview Content */,
				3C13966F28C5D2330035BDE4 /* ColorExtension.swift */,
				3C13967128C5D2540035BDE4 /* RandomDecisionView.swift */,
				3C13967328C5D2860035BDE4 /* Launch Screen.storyboard */,
			);
			path = DeliveryDecision;
			sourceTree = "<group>";
		};
		3C13964B28C5D1D80035BDE4 /* Preview Content */ = {
			isa = PBXGroup;
			children = (
				3C13964C28C5D1D80035BDE4 /* Preview Assets.xcassets */,
			);
			path = "Preview Content";
			sourceTree = "<group>";
		};
		3C13965528C5D1D90035BDE4 /* DeliveryDecisionTests */ = {
			isa = PBXGroup;
			children = (
				3C13965628C5D1D90035BDE4 /* DeliveryDecisionTests.swift */,
			);
			path = DeliveryDecisionTests;
			sourceTree = "<group>";
		};
		3C13965F28C5D1D90035BDE4 /* DeliveryDecisionUITests */ = {
			isa = PBXGroup;
			children = (
				3C13966028C5D1D90035BDE4 /* DeliveryDecisionUITests.swift */,
				3C13966228C5D1D90035BDE4 /* DeliveryDecisionUITestsLaunchTests.swift */,
			);
			path = DeliveryDecisionUITests;
			sourceTree = "<group>";
		};
/* End PBXGroup section */

/* Begin PBXNativeTarget section */
		3C13964128C5D1D70035BDE4 /* DeliveryDecision */ = {
			isa = PBXNativeTarget;
			buildConfigurationList = 3C13966628C5D1D90035BDE4 /* Build configuration list for PBXNativeTarget "DeliveryDecision" */;
			buildPhases = (
				3C13963E28C5D1D70035BDE4 /* Sources */,
				3C13963F28C5D1D70035BDE4 /* Frameworks */,
				3C13964028C5D1D70035BDE4 /* Resources */,
			);
			buildRules = (
			);
			dependencies = (
			);
			name = DeliveryDecision;
			productName = DeliveryDecision;
			productReference = 3C13964228C5D1D70035BDE4 /* 지금 뭐 먹지?.app */;
			productType = "com.apple.product-type.application";
		};
		3C13965128C5D1D90035BDE4 /* DeliveryDecisionTests */ = {
			isa = PBXNativeTarget;
			buildConfigurationList = 3C13966928C5D1D90035BDE4 /* Build configuration list for PBXNativeTarget "DeliveryDecisionTests" */;
			buildPhases = (
				3C13964E28C5D1D90035BDE4 /* Sources */,
				3C13964F28C5D1D90035BDE4 /* Frameworks */,
				3C13965028C5D1D90035BDE4 /* Resources */,
			);
			buildRules = (
			);
			dependencies = (
				3C13965428C5D1D90035BDE4 /* PBXTargetDependency */,
			);
			name = DeliveryDecisionTests;
			productName = DeliveryDecisionTests;
			productReference = 3C13965228C5D1D90035BDE4 /* DeliveryDecisionTests.xctest */;
			productType = "com.apple.product-type.bundle.unit-test";
		};
		3C13965B28C5D1D90035BDE4 /* DeliveryDecisionUITests */ = {
			isa = PBXNativeTarget;
			buildConfigurationList = 3C13966C28C5D1D90035BDE4 /* Build configuration list for PBXNativeTarget "DeliveryDecisionUITests" */;
			buildPhases = (
				3C13965828C5D1D90035BDE4 /* Sources */,
				3C13965928C5D1D90035BDE4 /* Frameworks */,
				3C13965A28C5D1D90035BDE4 /* Resources */,
			);
			buildRules = (
			);
			dependencies = (
				3C13965E28C5D1D90035BDE4 /* PBXTargetDependency */,
			);
			name = DeliveryDecisionUITests;
			productName = DeliveryDecisionUITests;
			productReference = 3C13965C28C5D1D90035BDE4 /* DeliveryDecisionUITests.xctest */;
			productType = "com.apple.product-type.bundle.ui-testing";
		};
/* End PBXNativeTarget section */

/* Begin PBXProject section */
		3C13963A28C5D1D60035BDE4 /* Project object */ = {
			isa = PBXProject;
			attributes = {
				BuildIndependentTargetsInParallel = 1;
				LastSwiftUpdateCheck = 1340;
				LastUpgradeCheck = 1340;
				TargetAttributes = {
					3C13964128C5D1D70035BDE4 = {
						CreatedOnToolsVersion = 13.4.1;
					};
					3C13965128C5D1D90035BDE4 = {
						CreatedOnToolsVersion = 13.4.1;
						TestTargetID = 3C13964128C5D1D70035BDE4;
					};
					3C13965B28C5D1D90035BDE4 = {
						CreatedOnToolsVersion = 13.4.1;
						TestTargetID = 3C13964128C5D1D70035BDE4;
					};
				};
			};
			buildConfigurationList = 3C13963D28C5D1D60035BDE4 /* Build configuration list for PBXProject "DeliveryDecision" */;
			compatibilityVersion = "Xcode 13.0";
			developmentRegion = en;
			hasScannedForEncodings = 0;
			knownRegions = (
				en,
				Base,
			);
			mainGroup = 3C13963928C5D1D60035BDE4;
			productRefGroup = 3C13964328C5D1D70035BDE4 /* Products */;
			projectDirPath = "";
			projectRoot = "";
			targets = (
				3C13964128C5D1D70035BDE4 /* DeliveryDecision */,
				3C13965128C5D1D90035BDE4 /* DeliveryDecisionTests */,
				3C13965B28C5D1D90035BDE4 /* DeliveryDecisionUITests */,
			);
		};
/* End PBXProject section */

/* Begin PBXResourcesBuildPhase section */
		3C13964028C5D1D70035BDE4 /* Resources */ = {
			isa = PBXResourcesBuildPhase;
			buildActionMask = 2147483647;
			files = (
				3C13967428C5D2860035BDE4 /* Launch Screen.storyboard in Resources */,
				3C13964D28C5D1D80035BDE4 /* Preview Assets.xcassets in Resources */,
				3C13964A28C5D1D80035BDE4 /* Assets.xcassets in Resources */,
			);
			runOnlyForDeploymentPostprocessing = 0;
		};
		3C13965028C5D1D90035BDE4 /* Resources */ = {
			isa = PBXResourcesBuildPhase;
			buildActionMask = 2147483647;
			files = (
			);
			runOnlyForDeploymentPostprocessing = 0;
		};
		3C13965A28C5D1D90035BDE4 /* Resources */ = {
			isa = PBXResourcesBuildPhase;
			buildActionMask = 2147483647;
			files = (
			);
			runOnlyForDeploymentPostprocessing = 0;
		};
/* End PBXResourcesBuildPhase section */

/* Begin PBXSourcesBuildPhase section */
		3C13963E28C5D1D70035BDE4 /* Sources */ = {
			isa = PBXSourcesBuildPhase;
			buildActionMask = 2147483647;
			files = (
				3C13967028C5D2330035BDE4 /* ColorExtension.swift in Sources */,
				3C13967228C5D2540035BDE4 /* RandomDecisionView.swift in Sources */,
				3C13964828C5D1D70035BDE4 /* ContentView.swift in Sources */,
				3C13964628C5D1D70035BDE4 /* DeliveryDecisionApp.swift in Sources */,
			);
			runOnlyForDeploymentPostprocessing = 0;
		};
		3C13964E28C5D1D90035BDE4 /* Sources */ = {
			isa = PBXSourcesBuildPhase;
			buildActionMask = 2147483647;
			files = (
				3C13965728C5D1D90035BDE4 /* DeliveryDecisionTests.swift in Sources */,
			);
			runOnlyForDeploymentPostprocessing = 0;
		};
		3C13965828C5D1D90035BDE4 /* Sources */ = {
			isa = PBXSourcesBuildPhase;
			buildActionMask = 2147483647;
			files = (
				3C13966328C5D1D90035BDE4 /* DeliveryDecisionUITestsLaunchTests.swift in Sources */,
				3C13966128C5D1D90035BDE4 /* DeliveryDecisionUITests.swift in Sources */,
			);
			runOnlyForDeploymentPostprocessing = 0;
		};
/* End PBXSourcesBuildPhase section */

/* Begin PBXTargetDependency section */
		3C13965428C5D1D90035BDE4 /* PBXTargetDependency */ = {
			isa = PBXTargetDependency;
			target = 3C13964128C5D1D70035BDE4 /* DeliveryDecision */;
			targetProxy = 3C13965328C5D1D90035BDE4 /* PBXContainerItemProxy */;
		};
		3C13965E28C5D1D90035BDE4 /* PBXTargetDependency */ = {
			isa = PBXTargetDependency;
			target = 3C13964128C5D1D70035BDE4 /* DeliveryDecision */;
			targetProxy = 3C13965D28C5D1D90035BDE4 /* PBXContainerItemProxy */;
		};
/* End PBXTargetDependency section */

/* Begin XCBuildConfiguration section */
		3C13966428C5D1D90035BDE4 /* Debug */ = {
			isa = XCBuildConfiguration;
			buildSettings = {
				ALWAYS_SEARCH_USER_PATHS = NO;
				CLANG_ANALYZER_NONNULL = YES;
				CLANG_ANALYZER_NUMBER_OBJECT_CONVERSION = YES_AGGRESSIVE;
				CLANG_CXX_LANGUAGE_STANDARD = "gnu++17";
				CLANG_ENABLE_MODULES = YES;
				CLANG_ENABLE_OBJC_ARC = YES;
				CLANG_ENABLE_OBJC_WEAK = YES;
				CLANG_WARN_BLOCK_CAPTURE_AUTORELEASING = YES;
				CLANG_WARN_BOOL_CONVERSION = YES;
				CLANG_WARN_COMMA = YES;
				CLANG_WARN_CONSTANT_CONVERSION = YES;
				CLANG_WARN_DEPRECATED_OBJC_IMPLEMENTATIONS = YES;
				CLANG_WARN_DIRECT_OBJC_ISA_USAGE = YES_ERROR;
				CLANG_WARN_DOCUMENTATION_COMMENTS = YES;
				CLANG_WARN_EMPTY_BODY = YES;
				CLANG_WARN_ENUM_CONVERSION = YES;
				CLANG_WARN_INFINITE_RECURSION = YES;
				CLANG_WARN_INT_CONVERSION = YES;
				CLANG_WARN_NON_LITERAL_NULL_CONVERSION = YES;
				CLANG_WARN_OBJC_IMPLICIT_RETAIN_SELF = YES;
				CLANG_WARN_OBJC_LITERAL_CONVERSION = YES;
				CLANG_WARN_OBJC_ROOT_CLASS = YES_ERROR;
				CLANG_WARN_QUOTED_INCLUDE_IN_FRAMEWORK_HEADER = YES;
				CLANG_WARN_RANGE_LOOP_ANALYSIS = YES;
				CLANG_WARN_STRICT_PROTOTYPES = YES;
				CLANG_WARN_SUSPICIOUS_MOVE = YES;
				CLANG_WARN_UNGUARDED_AVAILABILITY = YES_AGGRESSIVE;
				CLANG_WARN_UNREACHABLE_CODE = YES;
				CLANG_WARN__DUPLICATE_METHOD_MATCH = YES;
				COPY_PHASE_STRIP = NO;
				DEBUG_INFORMATION_FORMAT = dwarf;
				ENABLE_STRICT_OBJC_MSGSEND = YES;
				ENABLE_TESTABILITY = YES;
				GCC_C_LANGUAGE_STANDARD = gnu11;
				GCC_DYNAMIC_NO_PIC = NO;
				GCC_NO_COMMON_BLOCKS = YES;
				GCC_OPTIMIZATION_LEVEL = 0;
				GCC_PREPROCESSOR_DEFINITIONS = (
					"DEBUG=1",
					"$(inherited)",
				);
				GCC_WARN_64_TO_32_BIT_CONVERSION = YES;
				GCC_WARN_ABOUT_RETURN_TYPE = YES_ERROR;
				GCC_WARN_UNDECLARED_SELECTOR = YES;
				GCC_WARN_UNINITIALIZED_AUTOS = YES_AGGRESSIVE;
				GCC_WARN_UNUSED_FUNCTION = YES;
				GCC_WARN_UNUSED_VARIABLE = YES;
				IPHONEOS_DEPLOYMENT_TARGET = 15.5;
				MTL_ENABLE_DEBUG_INFO = INCLUDE_SOURCE;
				MTL_FAST_MATH = YES;
				ONLY_ACTIVE_ARCH = YES;
				SDKROOT = iphoneos;
				SWIFT_ACTIVE_COMPILATION_CONDITIONS = DEBUG;
				SWIFT_OPTIMIZATION_LEVEL = "-Onone";
			};
			name = Debug;
		};
		3C13966528C5D1D90035BDE4 /* Release */ = {
			isa = XCBuildConfiguration;
			buildSettings = {
				ALWAYS_SEARCH_USER_PATHS = NO;
				CLANG_ANALYZER_NONNULL = YES;
				CLANG_ANALYZER_NUMBER_OBJECT_CONVERSION = YES_AGGRESSIVE;
				CLANG_CXX_LANGUAGE_STANDARD = "gnu++17";
				CLANG_ENABLE_MODULES = YES;
				CLANG_ENABLE_OBJC_ARC = YES;
				CLANG_ENABLE_OBJC_WEAK = YES;
				CLANG_WARN_BLOCK_CAPTURE_AUTORELEASING = YES;
				CLANG_WARN_BOOL_CONVERSION = YES;
				CLANG_WARN_COMMA = YES;
				CLANG_WARN_CONSTANT_CONVERSION = YES;
				CLANG_WARN_DEPRECATED_OBJC_IMPLEMENTATIONS = YES;
				CLANG_WARN_DIRECT_OBJC_ISA_USAGE = YES_ERROR;
				CLANG_WARN_DOCUMENTATION_COMMENTS = YES;
				CLANG_WARN_EMPTY_BODY = YES;
				CLANG_WARN_ENUM_CONVERSION = YES;
				CLANG_WARN_INFINITE_RECURSION = YES;
				CLANG_WARN_INT_CONVERSION = YES;
				CLANG_WARN_NON_LITERAL_NULL_CONVERSION = YES;
				CLANG_WARN_OBJC_IMPLICIT_RETAIN_SELF = YES;
				CLANG_WARN_OBJC_LITERAL_CONVERSION = YES;
				CLANG_WARN_OBJC_ROOT_CLASS = YES_ERROR;
				CLANG_WARN_QUOTED_INCLUDE_IN_FRAMEWORK_HEADER = YES;
				CLANG_WARN_RANGE_LOOP_ANALYSIS = YES;
				CLANG_WARN_STRICT_PROTOTYPES = YES;
				CLANG_WARN_SUSPICIOUS_MOVE = YES;
				CLANG_WARN_UNGUARDED_AVAILABILITY = YES_AGGRESSIVE;
				CLANG_WARN_UNREACHABLE_CODE = YES;
				CLANG_WARN__DUPLICATE_METHOD_MATCH = YES;
				COPY_PHASE_STRIP = NO;
				DEBUG_INFORMATION_FORMAT = "dwarf-with-dsym";
				ENABLE_NS_ASSERTIONS = NO;
				ENABLE_STRICT_OBJC_MSGSEND = YES;
				GCC_C_LANGUAGE_STANDARD = gnu11;
				GCC_NO_COMMON_BLOCKS = YES;
				GCC_WARN_64_TO_32_BIT_CONVERSION = YES;
				GCC_WARN_ABOUT_RETURN_TYPE = YES_ERROR;
				GCC_WARN_UNDECLARED_SELECTOR = YES;
				GCC_WARN_UNINITIALIZED_AUTOS = YES_AGGRESSIVE;
				GCC_WARN_UNUSED_FUNCTION = YES;
				GCC_WARN_UNUSED_VARIABLE = YES;
				IPHONEOS_DEPLOYMENT_TARGET = 15.5;
				MTL_ENABLE_DEBUG_INFO = NO;
				MTL_FAST_MATH = YES;
				SDKROOT = iphoneos;
				SWIFT_COMPILATION_MODE = wholemodule;
				SWIFT_OPTIMIZATION_LEVEL = "-O";
				VALIDATE_PRODUCT = YES;
			};
			name = Release;
		};
		3C13966728C5D1D90035BDE4 /* Debug */ = {
			isa = XCBuildConfiguration;
			buildSettings = {
				ASSETCATALOG_COMPILER_APPICON_NAME = AppIcon;
				ASSETCATALOG_COMPILER_GLOBAL_ACCENT_COLOR_NAME = AccentColor;
				CODE_SIGN_STYLE = Automatic;
				CURRENT_PROJECT_VERSION = 1;
				DEVELOPMENT_ASSET_PATHS = "\"DeliveryDecision/Preview Content\"";
				DEVELOPMENT_TEAM = 4A66R8ZK58;
				ENABLE_PREVIEWS = YES;
				GENERATE_INFOPLIST_FILE = YES;
				INFOPLIST_KEY_UIApplicationSceneManifest_Generation = YES;
				INFOPLIST_KEY_UIApplicationSupportsIndirectInputEvents = YES;
				INFOPLIST_KEY_UILaunchScreen_Generation = YES;
				INFOPLIST_KEY_UILaunchStoryboardName = "Launch Screen";
				INFOPLIST_KEY_UISupportedInterfaceOrientations_iPad = "UIInterfaceOrientationPortrait UIInterfaceOrientationPortraitUpsideDown UIInterfaceOrientationLandscapeLeft UIInterfaceOrientationLandscapeRight";
				INFOPLIST_KEY_UISupportedInterfaceOrientations_iPhone = "UIInterfaceOrientationPortrait UIInterfaceOrientationLandscapeLeft UIInterfaceOrientationLandscapeRight";
				INFOPLIST_KEY_UIUserInterfaceStyle = Light;
				LD_RUNPATH_SEARCH_PATHS = (
					"$(inherited)",
					"@executable_path/Frameworks",
				);
				MARKETING_VERSION = 1.0;
				PRODUCT_BUNDLE_IDENTIFIER = com.jetbrains.DeliveryDecision;
				PRODUCT_NAME = "지금 뭐 먹지?";
				SWIFT_EMIT_LOC_STRINGS = YES;
				SWIFT_VERSION = 5.0;
				TARGETED_DEVICE_FAMILY = 1;
			};
			name = Debug;
		};
		3C13966828C5D1D90035BDE4 /* Release */ = {
			isa = XCBuildConfiguration;
			buildSettings = {
				ASSETCATALOG_COMPILER_APPICON_NAME = AppIcon;
				ASSETCATALOG_COMPILER_GLOBAL_ACCENT_COLOR_NAME = AccentColor;
				CODE_SIGN_STYLE = Automatic;
				CURRENT_PROJECT_VERSION = 1;
				DEVELOPMENT_ASSET_PATHS = "\"DeliveryDecision/Preview Content\"";
				DEVELOPMENT_TEAM = 4A66R8ZK58;
				ENABLE_PREVIEWS = YES;
				GENERATE_INFOPLIST_FILE = YES;
				INFOPLIST_KEY_UIApplicationSceneManifest_Generation = YES;
				INFOPLIST_KEY_UIApplicationSupportsIndirectInputEvents = YES;
				INFOPLIST_KEY_UILaunchScreen_Generation = YES;
				INFOPLIST_KEY_UILaunchStoryboardName = "Launch Screen";
				INFOPLIST_KEY_UISupportedInterfaceOrientations_iPad = "UIInterfaceOrientationPortrait UIInterfaceOrientationPortraitUpsideDown UIInterfaceOrientationLandscapeLeft UIInterfaceOrientationLandscapeRight";
				INFOPLIST_KEY_UISupportedInterfaceOrientations_iPhone = "UIInterfaceOrientationPortrait UIInterfaceOrientationLandscapeLeft UIInterfaceOrientationLandscapeRight";
				INFOPLIST_KEY_UIUserInterfaceStyle = Light;
				LD_RUNPATH_SEARCH_PATHS = (
					"$(inherited)",
					"@executable_path/Frameworks",
				);
				MARKETING_VERSION = 1.0;
				PRODUCT_BUNDLE_IDENTIFIER = com.jetbrains.DeliveryDecision;
				PRODUCT_NAME = "지금 뭐 먹지?";
				SWIFT_EMIT_LOC_STRINGS = YES;
				SWIFT_VERSION = 5.0;
				TARGETED_DEVICE_FAMILY = 1;
			};
			name = Release;
		};
		3C13966A28C5D1D90035BDE4 /* Debug */ = {
			isa = XCBuildConfiguration;
			buildSettings = {
				ALWAYS_EMBED_SWIFT_STANDARD_LIBRARIES = YES;
				BUNDLE_LOADER = "$(TEST_HOST)";
				CODE_SIGN_STYLE = Automatic;
				CURRENT_PROJECT_VERSION = 1;
				DEVELOPMENT_TEAM = 4A66R8ZK58;
				GENERATE_INFOPLIST_FILE = YES;
				IPHONEOS_DEPLOYMENT_TARGET = 15.5;
				MARKETING_VERSION = 1.0;
				PRODUCT_BUNDLE_IDENTIFIER = com.jetbrains.DeliveryDecisionTests;
				PRODUCT_NAME = "$(TARGET_NAME)";
				SWIFT_EMIT_LOC_STRINGS = NO;
				SWIFT_VERSION = 5.0;
				TARGETED_DEVICE_FAMILY = "1,2";
				TEST_HOST = "$(BUILT_PRODUCTS_DIR)/DeliveryDecision.app/DeliveryDecision";
			};
			name = Debug;
		};
		3C13966B28C5D1D90035BDE4 /* Release */ = {
			isa = XCBuildConfiguration;
			buildSettings = {
				ALWAYS_EMBED_SWIFT_STANDARD_LIBRARIES = YES;
				BUNDLE_LOADER = "$(TEST_HOST)";
				CODE_SIGN_STYLE = Automatic;
				CURRENT_PROJECT_VERSION = 1;
				DEVELOPMENT_TEAM = 4A66R8ZK58;
				GENERATE_INFOPLIST_FILE = YES;
				IPHONEOS_DEPLOYMENT_TARGET = 15.5;
				MARKETING_VERSION = 1.0;
				PRODUCT_BUNDLE_IDENTIFIER = com.jetbrains.DeliveryDecisionTests;
				PRODUCT_NAME = "$(TARGET_NAME)";
				SWIFT_EMIT_LOC_STRINGS = NO;
				SWIFT_VERSION = 5.0;
				TARGETED_DEVICE_FAMILY = "1,2";
				TEST_HOST = "$(BUILT_PRODUCTS_DIR)/DeliveryDecision.app/DeliveryDecision";
			};
			name = Release;
		};
		3C13966D28C5D1D90035BDE4 /* Debug */ = {
			isa = XCBuildConfiguration;
			buildSettings = {
				ALWAYS_EMBED_SWIFT_STANDARD_LIBRARIES = YES;
				CODE_SIGN_STYLE = Automatic;
				CURRENT_PROJECT_VERSION = 1;
				DEVELOPMENT_TEAM = 4A66R8ZK58;
				GENERATE_INFOPLIST_FILE = YES;
				MARKETING_VERSION = 1.0;
				PRODUCT_BUNDLE_IDENTIFIER = com.jetbrains.DeliveryDecisionUITests;
				PRODUCT_NAME = "$(TARGET_NAME)";
				SWIFT_EMIT_LOC_STRINGS = NO;
				SWIFT_VERSION = 5.0;
				TARGETED_DEVICE_FAMILY = "1,2";
				TEST_TARGET_NAME = DeliveryDecision;
			};
			name = Debug;
		};
		3C13966E28C5D1D90035BDE4 /* Release */ = {
			isa = XCBuildConfiguration;
			buildSettings = {
				ALWAYS_EMBED_SWIFT_STANDARD_LIBRARIES = YES;
				CODE_SIGN_STYLE = Automatic;
				CURRENT_PROJECT_VERSION = 1;
				DEVELOPMENT_TEAM = 4A66R8ZK58;
				GENERATE_INFOPLIST_FILE = YES;
				MARKETING_VERSION = 1.0;
				PRODUCT_BUNDLE_IDENTIFIER = com.jetbrains.DeliveryDecisionUITests;
				PRODUCT_NAME = "$(TARGET_NAME)";
				SWIFT_EMIT_LOC_STRINGS = NO;
				SWIFT_VERSION = 5.0;
				TARGETED_DEVICE_FAMILY = "1,2";
				TEST_TARGET_NAME = DeliveryDecision;
			};
			name = Release;
		};
/* End XCBuildConfiguration section */

/* Begin XCConfigurationList section */
		3C13963D28C5D1D60035BDE4 /* Build configuration list for PBXProject "DeliveryDecision" */ = {
			isa = XCConfigurationList;
			buildConfigurations = (
				3C13966428C5D1D90035BDE4 /* Debug */,
				3C13966528C5D1D90035BDE4 /* Release */,
			);
			defaultConfigurationIsVisible = 0;
			defaultConfigurationName = Release;
		};
		3C13966628C5D1D90035BDE4 /* Build configuration list for PBXNativeTarget "DeliveryDecision" */ = {
			isa = XCConfigurationList;
			buildConfigurations = (
				3C13966728C5D1D90035BDE4 /* Debug */,
				3C13966828C5D1D90035BDE4 /* Release */,
			);
			defaultConfigurationIsVisible = 0;
			defaultConfigurationName = Release;
		};
		3C13966928C5D1D90035BDE4 /* Build configuration list for PBXNativeTarget "DeliveryDecisionTests" */ = {
			isa = XCConfigurationList;
			buildConfigurations = (
				3C13966A28C5D1D90035BDE4 /* Debug */,
				3C13966B28C5D1D90035BDE4 /* Release */,
			);
			defaultConfigurationIsVisible = 0;
			defaultConfigurationName = Release;
		};
		3C13966C28C5D1D90035BDE4 /* Build configuration list for PBXNativeTarget "DeliveryDecisionUITests" */ = {
			isa = XCConfigurationList;
			buildConfigurations = (
				3C13966D28C5D1D90035BDE4 /* Debug */,
				3C13966E28C5D1D90035BDE4 /* Release */,
			);
			defaultConfigurationIsVisible = 0;
			defaultConfigurationName = Release;
		};
/* End XCConfigurationList section */
	};
	rootObject = 3C13963A28C5D1D60035BDE4 /* Project object */;
}
